
Microsoft Visual Studio Solution File, Format Version 12.00
# Visual Studio Version 16
VisualStudioVersion = 16.0.31313.79
MinimumVisualStudioVersion = 10.0.40219.1
Project("{F184B08F-C81C-45F6-A57F-5ABD9991F28F}") = "Joker", "Joker.vbproj", "{46E2B47D-E48A-4A8D-A1DA-A4207340FFF4}"
EndProject
Global
	GlobalSection(SolutionConfigurationPlatforms) = preSolution
		Debug|Any CPU = Debug|Any CPU
		Release|Any CPU = Release|Any CPU
	EndGlobalSection
	GlobalSection(ProjectConfigurationPlatforms) = postSolution
		{46E2B47D-E48A-4A8D-A1DA-A4207340FFF4}.Debug|Any CPU.ActiveCfg = Debug|Any CPU
		{46E2B47D-E48A-4A8D-A1DA-A4207340FFF4}.Debug|Any CPU.Build.0 = Debug|Any CPU
		{46E2B47D-E48A-4A8D-A1DA-A4207340FFF4}.Release|Any CPU.ActiveCfg = Release|Any CPU
		{46E2B47D-E48A-4A8D-A1DA-A4207340FFF4}.Release|Any CPU.Build.0 = Release|Any CPU
	EndGlobalSection
	GlobalSection(SolutionProperties) = preSolution
		HideSolutionNode = FALSE
	EndGlobalSection
	GlobalSection(ExtensibilityGlobals) = postSolution
		SolutionGuid = {3D141188-06ED-4F3E-9CF3-DDA405699F5F}
	EndGlobalSection
EndGlobal
